
Microsoft Visual Studio Solution File, Format Version 12.00
# Visual Studio Version 16
VisualStudioVersion = 16.0.29123.88
MinimumVisualStudioVersion = 10.0.40219.1
Project("{9A19103F-16F7-4668-BE54-9A1E7A4F7556}") = "MovieCollection.TVMaze", "MovieCollection.TVMaze\MovieCollection.TVMaze.csproj", "{835BA6C4-BE1A-4E29-8B42-FC9CDD9234C6}"
EndProject
Project("{9A19103F-16F7-4668-BE54-9A1E7A4F7556}") = "Demo", "Demo\Demo.csproj", "{48AE17F4-803B-4A73-B761-B49068F309FC}"
EndProject
Project("{9A19103F-16F7-4668-BE54-9A1E7A4F7556}") = "DemoSimple", "DemoSimple\DemoSimple.csproj", "{AA7D084C-2A04-419D-ABC6-8A6027C111A9}"
EndProject
Project("{2150E333-8FDC-42A3-9474-1A3956D46DE8}") = "Solution Items", "Solution Items", "{75F4456A-1F94-4CF2-963E-37CDCB9E50CB}"
	ProjectSection(SolutionItems) = preProject
		..\README.md = ..\README.md
	EndProjectSection
EndProject
Global
	GlobalSection(SolutionConfigurationPlatforms) = preSolution
		Debug|Any CPU = Debug|Any CPU
		Release|Any CPU = Release|Any CPU
	EndGlobalSection
	GlobalSection(ProjectConfigurationPlatforms) = postSolution
		{835BA6C4-BE1A-4E29-8B42-FC9CDD9234C6}.Debug|Any CPU.ActiveCfg = Debug|Any CPU
		{835BA6C4-BE1A-4E29-8B42-FC9CDD9234C6}.Debug|Any CPU.Build.0 = Debug|Any CPU
		{835BA6C4-BE1A-4E29-8B42-FC9CDD9234C6}.Release|Any CPU.ActiveCfg = Release|Any CPU
		{835BA6C4-BE1A-4E29-8B42-FC9CDD9234C6}.Release|Any CPU.Build.0 = Release|Any CPU
		{48AE17F4-803B-4A73-B761-B49068F309FC}.Debug|Any CPU.ActiveCfg = Debug|Any CPU
		{48AE17F4-803B-4A73-B761-B49068F309FC}.Debug|Any CPU.Build.0 = Debug|Any CPU
		{48AE17F4-803B-4A73-B761-B49068F309FC}.Release|Any CPU.ActiveCfg = Release|Any CPU
		{48AE17F4-803B-4A73-B761-B49068F309FC}.Release|Any CPU.Build.0 = Release|Any CPU
		{AA7D084C-2A04-419D-ABC6-8A6027C111A9}.Debug|Any CPU.ActiveCfg = Debug|Any CPU
		{AA7D084C-2A04-419D-ABC6-8A6027C111A9}.Debug|Any CPU.Build.0 = Debug|Any CPU
		{AA7D084C-2A04-419D-ABC6-8A6027C111A9}.Release|Any CPU.ActiveCfg = Release|Any CPU
		{AA7D084C-2A04-419D-ABC6-8A6027C111A9}.Release|Any CPU.Build.0 = Release|Any CPU
	EndGlobalSection
	GlobalSection(SolutionProperties) = preSolution
		HideSolutionNode = FALSE
	EndGlobalSection
	GlobalSection(ExtensibilityGlobals) = postSolution
		SolutionGuid = {05976DE8-390F-4D7B-965F-C781DC02E05B}
	EndGlobalSection
EndGlobal
